<?xml version="1.0" encoding="utf-8"?>
<Project ToolsVersion="4.0" xmlns="http://schemas.microsoft.com/developer/msbuild/2003">
  <ItemGroup>
    <Filter Include="Source Files">
      <UniqueIdentifier>{4FC737F1-C7A5-4376-A066-2A32D752A2FF}</UniqueIdentifier>
      <Extensions>cpp;cxx;c;def</Extensions>
    </Filter>
    <Filter Include="Header Files">
      <UniqueIdentifier>{93995380-89BD-4b04-88EB-625FBE52EBFB}</UniqueIdentifier>
      <Extensions>h</Extensions>
    </Filter>
    <Filter Include="Resource Files">
      <UniqueIdentifier>{D9D6E242-F8AF-46E4-B9FD-80ECBC20BA3E}</UniqueIdentifier>
      <Extensions>qrc;*</Extensions>
      <ParseFiles>false</ParseFiles>
    </Filter>
    <Filter Include="Generated Files">
      <UniqueIdentifier>{71ED8ED8-ACB9-4CE9-BBE1-E00B30144E11}</UniqueIdentifier>
      <Extensions>moc;h;cpp</Extensions>
      <SourceControlFiles>False</SourceControlFiles>
    </Filter>
    <Filter Include="Generated Files\Debug">
      <UniqueIdentifier>{62e1f7ca-ca95-424f-9c1a-830c7159c76a}</UniqueIdentifier>
      <Extensions>cpp;moc</Extensions>
      <SourceControlFiles>False</SourceControlFiles>
    </Filter>
    <Filter Include="Generated Files\Release">
      <UniqueIdentifier>{9c0d0853-a932-4317-ad54-06c09447c0b6}</UniqueIdentifier>
      <Extensions>cpp;moc</Extensions>
      <SourceControlFiles>False</SourceControlFiles>
    </Filter>
    <Filter Include="Header Files\operator_model">
      <UniqueIdentifier>{f120045e-dd27-473f-8d2f-035886f6e448}</UniqueIdentifier>
    </Filter>
    <Filter Include="Source Files\operator_model">
      <UniqueIdentifier>{e95ac530-ac04-4557-a8ea-9d476ca008e9}</UniqueIdentifier>
    </Filter>
    <Filter Include="Header Files\operator_view">
      <UniqueIdentifier>{d8860b7f-f407-4edf-9ef4-f8edb605c947}</UniqueIdentifier>
    </Filter>
    <Filter Include="Header Files\operator_view\opengl">
      <UniqueIdentifier>{64a98ceb-ee35-42ca-8246-87d3657b6179}</UniqueIdentifier>
    </Filter>
    <Filter Include="Source Files\operator_view">
      <UniqueIdentifier>{9679b005-19d3-425b-8db8-f0e3f444c324}</UniqueIdentifier>
    </Filter>
    <Filter Include="Source Files\operator_view\opengl">
      <UniqueIdentifier>{d0adc226-e01a-4667-812a-447d839a3b76}</UniqueIdentifier>
    </Filter>
    <Filter Include="Header Files\helpers">
      <UniqueIdentifier>{e4865785-9717-4b1a-8d4d-859cd17dbf22}</UniqueIdentifier>
    </Filter>
    <Filter Include="Header Files\operator_model\utils">
      <UniqueIdentifier>{c394a74e-ed22-4a72-a256-44f5732efc65}</UniqueIdentifier>
    </Filter>
    <Filter Include="Source Files\operator_model\utils">
      <UniqueIdentifier>{5ada2007-aa9b-4acf-b16f-268eaaab7ce8}</UniqueIdentifier>
    </Filter>
  </ItemGroup>
  <ItemGroup>
    <ClCompile Include="main.cpp">
      <Filter>Source Files</Filter>
    </ClCompile>
    <ClCompile Include="stdafx.cpp">
      <Filter>Source Files</Filter>
    </ClCompile>
    <ClCompile Include="OperatorVision.cpp">
      <Filter>Source Files\operator_model</Filter>
    </ClCompile>
    <ClCompile Include="OpenGLOperatorVisionRenderer.cpp">
      <Filter>Source Files\operator_view\opengl</Filter>
    </ClCompile>
    <ClCompile Include="OpenGLOperatorRendererFactory.cpp">
      <Filter>Source Files\operator_view\opengl</Filter>
    </ClCompile>
    <ClCompile Include="OpenGLOperatorDisplayRenderer.cpp">
      <Filter>Source Files\operator_view\opengl</Filter>
    </ClCompile>
    <ClCompile Include="OpenGLOperatorOculusRiftRenderer.cpp">
      <Filter>Source Files\operator_view\opengl</Filter>
    </ClCompile>
    <ClCompile Include="OperatorViewBuilder.cpp">
      <Filter>Source Files\operator_view</Filter>
    </ClCompile>
    <ClCompile Include="OpenGLOperatorViewBuilder.cpp">
      <Filter>Source Files\operator_view\opengl</Filter>
    </ClCompile>
    <ClCompile Include="OperatorHeadOrientation.cpp">
      <Filter>Source Files\operator_model</Filter>
    </ClCompile>
    <ClCompile Include="ImageInputStreamRotator.cpp">
      <Filter>Source Files\operator_model\utils</Filter>
    </ClCompile>
    <ClCompile Include="ImageInputStreamBuilder.cpp">
      <Filter>Source Files\operator_model\utils</Filter>
    </ClCompile>
    <ClCompile Include="ImageInputStreamSharer.cpp">
      <Filter>Source Files\operator_model\utils</Filter>
    </ClCompile>
    <ClCompile Include="WebcamImageInputStreamBuilder.cpp">
      <Filter>Source Files\operator_model\utils</Filter>
    </ClCompile>
    <ClCompile Include="OperatorModel.cpp">
      <Filter>Source Files\operator_model</Filter>
    </ClCompile>
  </ItemGroup>
  <ItemGroup>
    <ClInclude Include="stdafx.h">
      <Filter>Header Files</Filter>
    </ClInclude>
    <ClInclude Include="IOperatorVisionObserver.h">
      <Filter>Header Files\operator_model</Filter>
    </ClInclude>
    <ClInclude Include="OpenGLOperatorVisionRenderer.h">
      <Filter>Header Files\operator_view\opengl</Filter>
    </ClInclude>
    <ClInclude Include="scoped_enum_as_integer.h">
      <Filter>Header Files\helpers</Filter>
    </ClInclude>
    <ClInclude Include="IOperatorRenderer.h">
      <Filter>Header Files\operator_view</Filter>
    </ClInclude>
    <ClInclude Include="IOperatorRendererFactory.h">
      <Filter>Header Files\operator_view</Filter>
    </ClInclude>
    <ClInclude Include="OpenGLOperatorRendererFactory.h">
      <Filter>Header Files\operator_view\opengl</Filter>
    </ClInclude>
    <ClInclude Include="IOperatorDisplayRenderer.h">
      <Filter>Header Files\operator_view</Filter>
    </ClInclude>
    <ClInclude Include="OpenGLOperatorDisplayRenderer.h">
      <Filter>Header Files\operator_view\opengl</Filter>
    </ClInclude>
    <ClInclude Include="IOperatorVisionRenderer.h">
      <Filter>Header Files\operator_view</Filter>
    </ClInclude>
    <ClInclude Include="IOperatorOculusRiftRenderer.h">
      <Filter>Header Files\operator_view</Filter>
    </ClInclude>
    <ClInclude Include="OpenGLOperatorOculusRiftRenderer.h">
      <Filter>Header Files\operator_view\opengl</Filter>
    </ClInclude>
    <ClInclude Include="scope_guard.h">
      <Filter>Header Files\helpers</Filter>
    </ClInclude>
    <ClInclude Include="OperatorViewBuilder.h">
      <Filter>Header Files\operator_view</Filter>
    </ClInclude>
    <ClInclude Include="IOperatorView.h">
      <Filter>Header Files\operator_view</Filter>
    </ClInclude>
    <ClInclude Include="IOperatorViewObserver.h">
      <Filter>Header Files\operator_view</Filter>
    </ClInclude>
    <ClInclude Include="IOperatorModel.h">
      <Filter>Header Files\operator_model</Filter>
    </ClInclude>
    <ClInclude Include="OpenGLOperatorViewBuilder.h">
      <Filter>Header Files\operator_view\opengl</Filter>
    </ClInclude>
    <ClInclude Include="IOperatorRendererDecorator.h">
      <Filter>Header Files\operator_view</Filter>
    </ClInclude>
    <ClInclude Include="threadsafe_queue.h">
      <Filter>Header Files\helpers</Filter>
    </ClInclude>
    <ClInclude Include="IOperatorHeadOrientation.h">
      <Filter>Header Files\operator_model</Filter>
    </ClInclude>
    <ClInclude Include="IOperatorHeadOrientationObserver.h">
      <Filter>Header Files\operator_model</Filter>
    </ClInclude>
    <ClInclude Include="OperatorHeadOrientation.h">
      <Filter>Header Files\operator_model</Filter>
    </ClInclude>
    <ClInclude Include="IImageInputStream.h">
      <Filter>Header Files\operator_model\utils</Filter>
    </ClInclude>
    <ClInclude Include="ImageInputStreamBuilder.h">
      <Filter>Header Files\operator_model\utils</Filter>
    </ClInclude>
    <ClInclude Include="ImageInputStreamRotator.h">
      <Filter>Header Files\operator_model\utils</Filter>
    </ClInclude>
    <ClInclude Include="IImageInputStreamFilter.h">
      <Filter>Header Files\operator_model\utils</Filter>
    </ClInclude>
    <ClInclude Include="ImageInputStreamSharer.h">
      <Filter>Header Files\operator_model\utils</Filter>
    </ClInclude>
    <ClInclude Include="ImageType.h">
      <Filter>Header Files\operator_model\utils</Filter>
    </ClInclude>
    <ClInclude Include="OperatorEyeImageType.h">
      <Filter>Header Files\operator_model</Filter>
    </ClInclude>
    <ClInclude Include="OperatorEyeImageRenderType.h">
      <Filter>Header Files\operator_view</Filter>
    </ClInclude>
    <ClInclude Include="WebcamImageInputStreamBuilder.h">
      <Filter>Header Files\operator_model\utils</Filter>
    </ClInclude>
    <ClInclude Include="IImageOutputStream.h">
      <Filter>Header Files\operator_model\utils</Filter>
    </ClInclude>
    <ClInclude Include="IOperatorVision.h">
      <Filter>Header Files\operator_model</Filter>
    </ClInclude>
    <ClInclude Include="OperatorModel.h">
      <Filter>Header Files\operator_model</Filter>
    </ClInclude>
  </ItemGroup>
  <ItemGroup>
    <CustomBuild Include="OperatorVision.h">
      <Filter>Header Files\operator_model</Filter>
    </CustomBuild>
  </ItemGroup>
</Project>